
Microsoft Visual Studio Solution File, Format Version 12.00
# Visual Studio 15
VisualStudioVersion = 15.0.27004.2002
MinimumVisualStudioVersion = 10.0.40219.1
Project("{FAE04EC0-301F-11D3-BF4B-00C04F79EFBC}") = "EFP.App", "EFP.App\EFP.App.csproj", "{2BF80B81-AE5A-4436-8DC4-55FA65F2F92A}"
EndProject
Project("{FAE04EC0-301F-11D3-BF4B-00C04F79EFBC}") = "EFP.Models", "EFP.Models\EFP.Models.csproj", "{269487DE-E120-4853-A681-1FE08690BC4A}"
EndProject
Project("{FAE04EC0-301F-11D3-BF4B-00C04F79EFBC}") = "EFP.Data", "EFP.Data\EFP.Data.csproj", "{F811B6CE-CAB2-4910-BE7B-BDD76B2C3E62}"
EndProject
Project("{FAE04EC0-301F-11D3-BF4B-00C04F79EFBC}") = "EFP.ModelsConfiguration", "EFP.ModelsConfiguration\EFP.ModelsConfiguration.csproj", "{63AA6649-C8CE-4C6A-90DF-7D9A7B79D735}"
EndProject
Project("{FAE04EC0-301F-11D3-BF4B-00C04F79EFBC}") = "EFP.Services", "EFP.Services\EFP.Services.csproj", "{9BAE246A-2FD8-45D0-AF69-889AB78A22ED}"
EndProject
Global
	GlobalSection(SolutionConfigurationPlatforms) = preSolution
		Debug|Any CPU = Debug|Any CPU
		Release|Any CPU = Release|Any CPU
	EndGlobalSection
	GlobalSection(ProjectConfigurationPlatforms) = postSolution
		{2BF80B81-AE5A-4436-8DC4-55FA65F2F92A}.Debug|Any CPU.ActiveCfg = Debug|Any CPU
		{2BF80B81-AE5A-4436-8DC4-55FA65F2F92A}.Debug|Any CPU.Build.0 = Debug|Any CPU
		{2BF80B81-AE5A-4436-8DC4-55FA65F2F92A}.Release|Any CPU.ActiveCfg = Release|Any CPU
		{2BF80B81-AE5A-4436-8DC4-55FA65F2F92A}.Release|Any CPU.Build.0 = Release|Any CPU
		{269487DE-E120-4853-A681-1FE08690BC4A}.Debug|Any CPU.ActiveCfg = Debug|Any CPU
		{269487DE-E120-4853-A681-1FE08690BC4A}.Debug|Any CPU.Build.0 = Debug|Any CPU
		{269487DE-E120-4853-A681-1FE08690BC4A}.Release|Any CPU.ActiveCfg = Release|Any CPU
		{269487DE-E120-4853-A681-1FE08690BC4A}.Release|Any CPU.Build.0 = Release|Any CPU
		{F811B6CE-CAB2-4910-BE7B-BDD76B2C3E62}.Debug|Any CPU.ActiveCfg = Debug|Any CPU
		{F811B6CE-CAB2-4910-BE7B-BDD76B2C3E62}.Debug|Any CPU.Build.0 = Debug|Any CPU
		{F811B6CE-CAB2-4910-BE7B-BDD76B2C3E62}.Release|Any CPU.ActiveCfg = Release|Any CPU
		{F811B6CE-CAB2-4910-BE7B-BDD76B2C3E62}.Release|Any CPU.Build.0 = Release|Any CPU
		{63AA6649-C8CE-4C6A-90DF-7D9A7B79D735}.Debug|Any CPU.ActiveCfg = Debug|Any CPU
		{63AA6649-C8CE-4C6A-90DF-7D9A7B79D735}.Debug|Any CPU.Build.0 = Debug|Any CPU
		{63AA6649-C8CE-4C6A-90DF-7D9A7B79D735}.Release|Any CPU.ActiveCfg = Release|Any CPU
		{63AA6649-C8CE-4C6A-90DF-7D9A7B79D735}.Release|Any CPU.Build.0 = Release|Any CPU
		{9BAE246A-2FD8-45D0-AF69-889AB78A22ED}.Debug|Any CPU.ActiveCfg = Debug|Any CPU
		{9BAE246A-2FD8-45D0-AF69-889AB78A22ED}.Debug|Any CPU.Build.0 = Debug|Any CPU
		{9BAE246A-2FD8-45D0-AF69-889AB78A22ED}.Release|Any CPU.ActiveCfg = Release|Any CPU
		{9BAE246A-2FD8-45D0-AF69-889AB78A22ED}.Release|Any CPU.Build.0 = Release|Any CPU
	EndGlobalSection
	GlobalSection(SolutionProperties) = preSolution
		HideSolutionNode = FALSE
	EndGlobalSection
	GlobalSection(ExtensibilityGlobals) = postSolution
		SolutionGuid = {89FC304E-B031-4103-961F-97BD7006E214}
	EndGlobalSection
EndGlobal
