
Microsoft Visual Studio Solution File, Format Version 12.00
# Visual Studio 15
VisualStudioVersion = 15.0.27004.2002
MinimumVisualStudioVersion = 10.0.40219.1
Project("{9A19103F-16F7-4668-BE54-9A1E7A4F7556}") = "01. Hospital Database", "01. Hospital Database\01. Hospital Database.csproj", "{935D3136-27D1-495F-9618-C8CD4B80211C}"
EndProject
Project("{FAE04EC0-301F-11D3-BF4B-00C04F79EFBC}") = "03.Sales", "03.Sales\03.Sales.csproj", "{435D76D4-A94D-48DD-8336-802213817C21}"
EndProject
Global
	GlobalSection(SolutionConfigurationPlatforms) = preSolution
		Debug|Any CPU = Debug|Any CPU
		Release|Any CPU = Release|Any CPU
	EndGlobalSection
	GlobalSection(ProjectConfigurationPlatforms) = postSolution
		{935D3136-27D1-495F-9618-C8CD4B80211C}.Debug|Any CPU.ActiveCfg = Debug|Any CPU
		{935D3136-27D1-495F-9618-C8CD4B80211C}.Debug|Any CPU.Build.0 = Debug|Any CPU
		{935D3136-27D1-495F-9618-C8CD4B80211C}.Release|Any CPU.ActiveCfg = Release|Any CPU
		{935D3136-27D1-495F-9618-C8CD4B80211C}.Release|Any CPU.Build.0 = Release|Any CPU
		{435D76D4-A94D-48DD-8336-802213817C21}.Debug|Any CPU.ActiveCfg = Debug|Any CPU
		{435D76D4-A94D-48DD-8336-802213817C21}.Debug|Any CPU.Build.0 = Debug|Any CPU
		{435D76D4-A94D-48DD-8336-802213817C21}.Release|Any CPU.ActiveCfg = Release|Any CPU
		{435D76D4-A94D-48DD-8336-802213817C21}.Release|Any CPU.Build.0 = Release|Any CPU
	EndGlobalSection
	GlobalSection(SolutionProperties) = preSolution
		HideSolutionNode = FALSE
	EndGlobalSection
	GlobalSection(ExtensibilityGlobals) = postSolution
		SolutionGuid = {4BF3A0B7-DAB7-4B9A-B4A2-00019C74AD27}
	EndGlobalSection
EndGlobal
